
Microsoft Visual Studio Solution File, Format Version 12.00
# Visual Studio 14
VisualStudioVersion = 14.0.25420.1
MinimumVisualStudioVersion = 10.0.40219.1
Project("{FAE04EC0-301F-11D3-BF4B-00C04F79EFBC}") = "Adminexample", "Adminexample\Adminexample.csproj", "{24A82238-3FAA-4E4B-B323-590D07CB802A}"
EndProject
Project("{FAE04EC0-301F-11D3-BF4B-00C04F79EFBC}") = "DAL", "Adminexample\DAL\DAL.csproj", "{E8735DB4-48F0-45AB-B35A-471EBE4FD3B7}"
EndProject
Project("{FAE04EC0-301F-11D3-BF4B-00C04F79EFBC}") = "BAL", "Adminexample\BAL\BAL.csproj", "{3FBF0B07-A82E-403A-9863-93EFBB932D21}"
EndProject
Project("{FAE04EC0-301F-11D3-BF4B-00C04F79EFBC}") = "WebAppforms", "Adminexample\WebAppforms\WebAppforms.csproj", "{D11E5977-5732-4797-BA06-4D63C5B08281}"
EndProject
Global
	GlobalSection(SolutionConfigurationPlatforms) = preSolution
		Debug|Any CPU = Debug|Any CPU
		Release|Any CPU = Release|Any CPU
	EndGlobalSection
	GlobalSection(ProjectConfigurationPlatforms) = postSolution
		{24A82238-3FAA-4E4B-B323-590D07CB802A}.Debug|Any CPU.ActiveCfg = Debug|Any CPU
		{24A82238-3FAA-4E4B-B323-590D07CB802A}.Debug|Any CPU.Build.0 = Debug|Any CPU
		{24A82238-3FAA-4E4B-B323-590D07CB802A}.Release|Any CPU.ActiveCfg = Release|Any CPU
		{24A82238-3FAA-4E4B-B323-590D07CB802A}.Release|Any CPU.Build.0 = Release|Any CPU
		{E8735DB4-48F0-45AB-B35A-471EBE4FD3B7}.Debug|Any CPU.ActiveCfg = Debug|Any CPU
		{E8735DB4-48F0-45AB-B35A-471EBE4FD3B7}.Debug|Any CPU.Build.0 = Debug|Any CPU
		{E8735DB4-48F0-45AB-B35A-471EBE4FD3B7}.Release|Any CPU.ActiveCfg = Release|Any CPU
		{E8735DB4-48F0-45AB-B35A-471EBE4FD3B7}.Release|Any CPU.Build.0 = Release|Any CPU
		{3FBF0B07-A82E-403A-9863-93EFBB932D21}.Debug|Any CPU.ActiveCfg = Debug|Any CPU
		{3FBF0B07-A82E-403A-9863-93EFBB932D21}.Debug|Any CPU.Build.0 = Debug|Any CPU
		{3FBF0B07-A82E-403A-9863-93EFBB932D21}.Release|Any CPU.ActiveCfg = Release|Any CPU
		{3FBF0B07-A82E-403A-9863-93EFBB932D21}.Release|Any CPU.Build.0 = Release|Any CPU
		{D11E5977-5732-4797-BA06-4D63C5B08281}.Debug|Any CPU.ActiveCfg = Debug|Any CPU
		{D11E5977-5732-4797-BA06-4D63C5B08281}.Debug|Any CPU.Build.0 = Debug|Any CPU
		{D11E5977-5732-4797-BA06-4D63C5B08281}.Release|Any CPU.ActiveCfg = Release|Any CPU
		{D11E5977-5732-4797-BA06-4D63C5B08281}.Release|Any CPU.Build.0 = Release|Any CPU
	EndGlobalSection
	GlobalSection(SolutionProperties) = preSolution
		HideSolutionNode = FALSE
	EndGlobalSection
EndGlobal
